
Microsoft Visual Studio Solution File, Format Version 12.00
# Visual Studio Version 17
VisualStudioVersion = 17.1.32210.238
MinimumVisualStudioVersion = 10.0.40219.1
Project("{9A19103F-16F7-4668-BE54-9A1E7A4F7556}") = "01-PrimeiroProjeto", "01-PrimeiroProjeto\01-PrimeiroProjeto.csproj", "{39CA7CE1-9B46-4329-9253-3A30A4CD262E}"
EndProject
Project("{9A19103F-16F7-4668-BE54-9A1E7A4F7556}") = "02-CriandoVariaveis", "02-CriandoVariaveis\02-CriandoVariaveis.csproj", "{799D541C-972F-41E9-81E4-6EED9BE23238}"
EndProject
Project("{9A19103F-16F7-4668-BE54-9A1E7A4F7556}") = "03-CriandoVariavelPontoFlutuante", "03-CriandoVariavelPontoFlutuante\03-CriandoVariavelPontoFlutuante.csproj", "{633BE584-0014-478E-A005-588294D2D765}"
EndProject
Project("{9A19103F-16F7-4668-BE54-9A1E7A4F7556}") = "04-ConversoesEOutrosTiposNumericos", "04-ConversoesEOutrosTiposNumericos\04-ConversoesEOutrosTiposNumericos.csproj", "{1504211D-56AD-41F1-B651-A748773CDB45}"
EndProject
Project("{9A19103F-16F7-4668-BE54-9A1E7A4F7556}") = "05-CaracteresETextos", "05-CaracteresETextos\05-CaracteresETextos.csproj", "{DC2D607D-FA6C-4750-A201-67CBA849A65D}"
EndProject
Project("{FAE04EC0-301F-11D3-BF4B-00C04F79EFBC}") = "06-AtribuicaoDeVariaveis", "06-AtribuicaoDeVariaveis\06-AtribuicaoDeVariaveis.csproj", "{9298E8D9-2652-48D3-AE70-F860BAE7ABC4}"
EndProject
Project("{FAE04EC0-301F-11D3-BF4B-00C04F79EFBC}") = "07-Condicionais", "07-Condicionais\07-Condicionais.csproj", "{459D3DC0-8DC2-4EAE-91C2-F66989146E1A}"
EndProject
Project("{FAE04EC0-301F-11D3-BF4B-00C04F79EFBC}") = "08-Condicionais2", "08-Condicionais2\08-Condicionais2.csproj", "{D041A762-89FA-4D02-88E6-EFC64706833F}"
EndProject
Project("{FAE04EC0-301F-11D3-BF4B-00C04F79EFBC}") = "09-Escopo", "09-Escopo\09-Escopo.csproj", "{FF2A88AA-1625-4D35-A79C-685582D0BD29}"
EndProject
Project("{FAE04EC0-301F-11D3-BF4B-00C04F79EFBC}") = "09-EscopoSwitch", "09-EscopoSwitch\09-EscopoSwitch.csproj", "{2984BEDF-FEAF-44B8-AE7A-1B9D1696D8B6}"
EndProject
Project("{FAE04EC0-301F-11D3-BF4B-00C04F79EFBC}") = "10-CalculaPoupanca", "10-CalculaPoupanca\10-CalculaPoupanca.csproj", "{EFA01E86-EDF1-4272-A9C3-9F4467938767}"
EndProject
Project("{FAE04EC0-301F-11D3-BF4B-00C04F79EFBC}") = "11-CalculaPoupancaDois", "11-CalculaPoupancaDois\11-CalculaPoupancaDois.csproj", "{452E0D96-6CC2-44BD-B2C8-488E4AEB6B71}"
EndProject
Project("{FAE04EC0-301F-11D3-BF4B-00C04F79EFBC}") = "12-CalculaInvestimentoLongoPrazo", "CalculaInvestimentoLongoPrazo\12-CalculaInvestimentoLongoPrazo.csproj", "{A077F38A-4753-4993-B5BF-925D0DC49F1F}"
EndProject
Project("{FAE04EC0-301F-11D3-BF4B-00C04F79EFBC}") = "13-ForEncadeado", "13-ForEncadeado\13-ForEncadeado.csproj", "{94EFCF2C-741B-49D2-9629-63587A05DFEA}"
EndProject
Project("{FAE04EC0-301F-11D3-BF4B-00C04F79EFBC}") = "14-LacoDeRepeticaoWhile", "14-LacoDeRepeticaoWhile\14-LacoDeRepeticaoWhile.csproj", "{794165AF-93C8-474E-A77F-0C453DA7B664}"
EndProject
Project("{FAE04EC0-301F-11D3-BF4B-00C04F79EFBC}") = "15-LacoDeRepeticaoFor", "15-LacoDeRepeticaoFor\15-LacoDeRepeticaoFor.csproj", "{EAF6AD64-C545-4C1D-B3CE-CE7330341586}"
EndProject
Project("{FAE04EC0-301F-11D3-BF4B-00C04F79EFBC}") = "16-MultiplosDeTres", "16-MultiplosDeTres\16-MultiplosDeTres.csproj", "{7FE51189-2F62-4C9C-BED4-0EBDC51BB866}"
EndProject
Project("{FAE04EC0-301F-11D3-BF4B-00C04F79EFBC}") = "17-Fatorial", "17-Fatorial\17-Fatorial.csproj", "{8B98A795-D7D8-4C2F-B5A4-72B0AE0B8AFE}"
EndProject
Global
	GlobalSection(SolutionConfigurationPlatforms) = preSolution
		Debug|Any CPU = Debug|Any CPU
		Release|Any CPU = Release|Any CPU
	EndGlobalSection
	GlobalSection(ProjectConfigurationPlatforms) = postSolution
		{39CA7CE1-9B46-4329-9253-3A30A4CD262E}.Debug|Any CPU.ActiveCfg = Debug|Any CPU
		{39CA7CE1-9B46-4329-9253-3A30A4CD262E}.Debug|Any CPU.Build.0 = Debug|Any CPU
		{39CA7CE1-9B46-4329-9253-3A30A4CD262E}.Release|Any CPU.ActiveCfg = Release|Any CPU
		{39CA7CE1-9B46-4329-9253-3A30A4CD262E}.Release|Any CPU.Build.0 = Release|Any CPU
		{799D541C-972F-41E9-81E4-6EED9BE23238}.Debug|Any CPU.ActiveCfg = Debug|Any CPU
		{799D541C-972F-41E9-81E4-6EED9BE23238}.Debug|Any CPU.Build.0 = Debug|Any CPU
		{799D541C-972F-41E9-81E4-6EED9BE23238}.Release|Any CPU.ActiveCfg = Release|Any CPU
		{799D541C-972F-41E9-81E4-6EED9BE23238}.Release|Any CPU.Build.0 = Release|Any CPU
		{633BE584-0014-478E-A005-588294D2D765}.Debug|Any CPU.ActiveCfg = Debug|Any CPU
		{633BE584-0014-478E-A005-588294D2D765}.Debug|Any CPU.Build.0 = Debug|Any CPU
		{633BE584-0014-478E-A005-588294D2D765}.Release|Any CPU.ActiveCfg = Release|Any CPU
		{633BE584-0014-478E-A005-588294D2D765}.Release|Any CPU.Build.0 = Release|Any CPU
		{1504211D-56AD-41F1-B651-A748773CDB45}.Debug|Any CPU.ActiveCfg = Debug|Any CPU
		{1504211D-56AD-41F1-B651-A748773CDB45}.Debug|Any CPU.Build.0 = Debug|Any CPU
		{1504211D-56AD-41F1-B651-A748773CDB45}.Release|Any CPU.ActiveCfg = Release|Any CPU
		{1504211D-56AD-41F1-B651-A748773CDB45}.Release|Any CPU.Build.0 = Release|Any CPU
		{DC2D607D-FA6C-4750-A201-67CBA849A65D}.Debug|Any CPU.ActiveCfg = Debug|Any CPU
		{DC2D607D-FA6C-4750-A201-67CBA849A65D}.Debug|Any CPU.Build.0 = Debug|Any CPU
		{DC2D607D-FA6C-4750-A201-67CBA849A65D}.Release|Any CPU.ActiveCfg = Release|Any CPU
		{DC2D607D-FA6C-4750-A201-67CBA849A65D}.Release|Any CPU.Build.0 = Release|Any CPU
		{9298E8D9-2652-48D3-AE70-F860BAE7ABC4}.Debug|Any CPU.ActiveCfg = Debug|Any CPU
		{9298E8D9-2652-48D3-AE70-F860BAE7ABC4}.Debug|Any CPU.Build.0 = Debug|Any CPU
		{9298E8D9-2652-48D3-AE70-F860BAE7ABC4}.Release|Any CPU.ActiveCfg = Release|Any CPU
		{9298E8D9-2652-48D3-AE70-F860BAE7ABC4}.Release|Any CPU.Build.0 = Release|Any CPU
		{459D3DC0-8DC2-4EAE-91C2-F66989146E1A}.Debug|Any CPU.ActiveCfg = Debug|Any CPU
		{459D3DC0-8DC2-4EAE-91C2-F66989146E1A}.Debug|Any CPU.Build.0 = Debug|Any CPU
		{459D3DC0-8DC2-4EAE-91C2-F66989146E1A}.Release|Any CPU.ActiveCfg = Release|Any CPU
		{459D3DC0-8DC2-4EAE-91C2-F66989146E1A}.Release|Any CPU.Build.0 = Release|Any CPU
		{D041A762-89FA-4D02-88E6-EFC64706833F}.Debug|Any CPU.ActiveCfg = Debug|Any CPU
		{D041A762-89FA-4D02-88E6-EFC64706833F}.Debug|Any CPU.Build.0 = Debug|Any CPU
		{D041A762-89FA-4D02-88E6-EFC64706833F}.Release|Any CPU.ActiveCfg = Release|Any CPU
		{D041A762-89FA-4D02-88E6-EFC64706833F}.Release|Any CPU.Build.0 = Release|Any CPU
		{FF2A88AA-1625-4D35-A79C-685582D0BD29}.Debug|Any CPU.ActiveCfg = Debug|Any CPU
		{FF2A88AA-1625-4D35-A79C-685582D0BD29}.Debug|Any CPU.Build.0 = Debug|Any CPU
		{FF2A88AA-1625-4D35-A79C-685582D0BD29}.Release|Any CPU.ActiveCfg = Release|Any CPU
		{FF2A88AA-1625-4D35-A79C-685582D0BD29}.Release|Any CPU.Build.0 = Release|Any CPU
		{2984BEDF-FEAF-44B8-AE7A-1B9D1696D8B6}.Debug|Any CPU.ActiveCfg = Debug|Any CPU
		{2984BEDF-FEAF-44B8-AE7A-1B9D1696D8B6}.Debug|Any CPU.Build.0 = Debug|Any CPU
		{2984BEDF-FEAF-44B8-AE7A-1B9D1696D8B6}.Release|Any CPU.ActiveCfg = Release|Any CPU
		{2984BEDF-FEAF-44B8-AE7A-1B9D1696D8B6}.Release|Any CPU.Build.0 = Release|Any CPU
		{EFA01E86-EDF1-4272-A9C3-9F4467938767}.Debug|Any CPU.ActiveCfg = Debug|Any CPU
		{EFA01E86-EDF1-4272-A9C3-9F4467938767}.Debug|Any CPU.Build.0 = Debug|Any CPU
		{EFA01E86-EDF1-4272-A9C3-9F4467938767}.Release|Any CPU.ActiveCfg = Release|Any CPU
		{EFA01E86-EDF1-4272-A9C3-9F4467938767}.Release|Any CPU.Build.0 = Release|Any CPU
		{452E0D96-6CC2-44BD-B2C8-488E4AEB6B71}.Debug|Any CPU.ActiveCfg = Debug|Any CPU
		{452E0D96-6CC2-44BD-B2C8-488E4AEB6B71}.Debug|Any CPU.Build.0 = Debug|Any CPU
		{452E0D96-6CC2-44BD-B2C8-488E4AEB6B71}.Release|Any CPU.ActiveCfg = Release|Any CPU
		{452E0D96-6CC2-44BD-B2C8-488E4AEB6B71}.Release|Any CPU.Build.0 = Release|Any CPU
		{A077F38A-4753-4993-B5BF-925D0DC49F1F}.Debug|Any CPU.ActiveCfg = Debug|Any CPU
		{A077F38A-4753-4993-B5BF-925D0DC49F1F}.Debug|Any CPU.Build.0 = Debug|Any CPU
		{A077F38A-4753-4993-B5BF-925D0DC49F1F}.Release|Any CPU.ActiveCfg = Release|Any CPU
		{A077F38A-4753-4993-B5BF-925D0DC49F1F}.Release|Any CPU.Build.0 = Release|Any CPU
		{94EFCF2C-741B-49D2-9629-63587A05DFEA}.Debug|Any CPU.ActiveCfg = Debug|Any CPU
		{94EFCF2C-741B-49D2-9629-63587A05DFEA}.Debug|Any CPU.Build.0 = Debug|Any CPU
		{94EFCF2C-741B-49D2-9629-63587A05DFEA}.Release|Any CPU.ActiveCfg = Release|Any CPU
		{94EFCF2C-741B-49D2-9629-63587A05DFEA}.Release|Any CPU.Build.0 = Release|Any CPU
		{794165AF-93C8-474E-A77F-0C453DA7B664}.Debug|Any CPU.ActiveCfg = Debug|Any CPU
		{794165AF-93C8-474E-A77F-0C453DA7B664}.Debug|Any CPU.Build.0 = Debug|Any CPU
		{794165AF-93C8-474E-A77F-0C453DA7B664}.Release|Any CPU.ActiveCfg = Release|Any CPU
		{794165AF-93C8-474E-A77F-0C453DA7B664}.Release|Any CPU.Build.0 = Release|Any CPU
		{EAF6AD64-C545-4C1D-B3CE-CE7330341586}.Debug|Any CPU.ActiveCfg = Debug|Any CPU
		{EAF6AD64-C545-4C1D-B3CE-CE7330341586}.Debug|Any CPU.Build.0 = Debug|Any CPU
		{EAF6AD64-C545-4C1D-B3CE-CE7330341586}.Release|Any CPU.ActiveCfg = Release|Any CPU
		{EAF6AD64-C545-4C1D-B3CE-CE7330341586}.Release|Any CPU.Build.0 = Release|Any CPU
		{7FE51189-2F62-4C9C-BED4-0EBDC51BB866}.Debug|Any CPU.ActiveCfg = Debug|Any CPU
		{7FE51189-2F62-4C9C-BED4-0EBDC51BB866}.Debug|Any CPU.Build.0 = Debug|Any CPU
		{7FE51189-2F62-4C9C-BED4-0EBDC51BB866}.Release|Any CPU.ActiveCfg = Release|Any CPU
		{7FE51189-2F62-4C9C-BED4-0EBDC51BB866}.Release|Any CPU.Build.0 = Release|Any CPU
		{8B98A795-D7D8-4C2F-B5A4-72B0AE0B8AFE}.Debug|Any CPU.ActiveCfg = Debug|Any CPU
		{8B98A795-D7D8-4C2F-B5A4-72B0AE0B8AFE}.Debug|Any CPU.Build.0 = Debug|Any CPU
		{8B98A795-D7D8-4C2F-B5A4-72B0AE0B8AFE}.Release|Any CPU.ActiveCfg = Release|Any CPU
		{8B98A795-D7D8-4C2F-B5A4-72B0AE0B8AFE}.Release|Any CPU.Build.0 = Release|Any CPU
	EndGlobalSection
	GlobalSection(SolutionProperties) = preSolution
		HideSolutionNode = FALSE
	EndGlobalSection
	GlobalSection(ExtensibilityGlobals) = postSolution
		SolutionGuid = {F24C6260-C844-44F5-9503-6B79E27AE102}
	EndGlobalSection
EndGlobal
