
Microsoft Visual Studio Solution File, Format Version 12.00
# Visual Studio Version 17
VisualStudioVersion = 17.1.32210.238
MinimumVisualStudioVersion = 10.0.40219.1
Project("{9A19103F-16F7-4668-BE54-9A1E7A4F7556}") = "01-ByteBank", "01-ByteBank\01-ByteBank.csproj", "{512BF516-469B-41FC-813E-CB2F4396569A}"
EndProject
Project("{9A19103F-16F7-4668-BE54-9A1E7A4F7556}") = "02-ByteBank", "02-ByteBank\02-ByteBank.csproj", "{836F3649-7847-4767-99CD-EB053E1F7F76}"
EndProject
Project("{9A19103F-16F7-4668-BE54-9A1E7A4F7556}") = "03-ByteBank", "03-ByteBank\03-ByteBank.csproj", "{A043D53C-CF5C-44E6-8366-0FD75A9ACC57}"
EndProject
Project("{FAE04EC0-301F-11D3-BF4B-00C04F79EFBC}") = "04-ByteBank", "04-ByteBank\04-ByteBank.csproj", "{B99F73A1-0676-445F-AA18-6FA281DBF8C2}"
EndProject
Project("{FAE04EC0-301F-11D3-BF4B-00C04F79EFBC}") = "05-ByteBank", "05-ByteBank\05-ByteBank.csproj", "{2E1B3659-30DC-40DF-96A2-B6ADC67AF21F}"
EndProject
Project("{FAE04EC0-301F-11D3-BF4B-00C04F79EFBC}") = "06-Bytebank", "06-Bytebank\06-Bytebank.csproj", "{D2EF18EF-747C-4303-AB5C-4F372700B319}"
EndProject
Project("{FAE04EC0-301F-11D3-BF4B-00C04F79EFBC}") = "07-ByteBank", "07-ByteBank\07-ByteBank.csproj", "{8E8A6753-953E-4A24-83DF-E2C6B74317A6}"
EndProject
Global
	GlobalSection(SolutionConfigurationPlatforms) = preSolution
		Debug|Any CPU = Debug|Any CPU
		Release|Any CPU = Release|Any CPU
	EndGlobalSection
	GlobalSection(ProjectConfigurationPlatforms) = postSolution
		{512BF516-469B-41FC-813E-CB2F4396569A}.Debug|Any CPU.ActiveCfg = Debug|Any CPU
		{512BF516-469B-41FC-813E-CB2F4396569A}.Debug|Any CPU.Build.0 = Debug|Any CPU
		{512BF516-469B-41FC-813E-CB2F4396569A}.Release|Any CPU.ActiveCfg = Release|Any CPU
		{512BF516-469B-41FC-813E-CB2F4396569A}.Release|Any CPU.Build.0 = Release|Any CPU
		{836F3649-7847-4767-99CD-EB053E1F7F76}.Debug|Any CPU.ActiveCfg = Debug|Any CPU
		{836F3649-7847-4767-99CD-EB053E1F7F76}.Debug|Any CPU.Build.0 = Debug|Any CPU
		{836F3649-7847-4767-99CD-EB053E1F7F76}.Release|Any CPU.ActiveCfg = Release|Any CPU
		{836F3649-7847-4767-99CD-EB053E1F7F76}.Release|Any CPU.Build.0 = Release|Any CPU
		{A043D53C-CF5C-44E6-8366-0FD75A9ACC57}.Debug|Any CPU.ActiveCfg = Debug|Any CPU
		{A043D53C-CF5C-44E6-8366-0FD75A9ACC57}.Debug|Any CPU.Build.0 = Debug|Any CPU
		{A043D53C-CF5C-44E6-8366-0FD75A9ACC57}.Release|Any CPU.ActiveCfg = Release|Any CPU
		{A043D53C-CF5C-44E6-8366-0FD75A9ACC57}.Release|Any CPU.Build.0 = Release|Any CPU
		{B99F73A1-0676-445F-AA18-6FA281DBF8C2}.Debug|Any CPU.ActiveCfg = Debug|Any CPU
		{B99F73A1-0676-445F-AA18-6FA281DBF8C2}.Debug|Any CPU.Build.0 = Debug|Any CPU
		{B99F73A1-0676-445F-AA18-6FA281DBF8C2}.Release|Any CPU.ActiveCfg = Release|Any CPU
		{B99F73A1-0676-445F-AA18-6FA281DBF8C2}.Release|Any CPU.Build.0 = Release|Any CPU
		{2E1B3659-30DC-40DF-96A2-B6ADC67AF21F}.Debug|Any CPU.ActiveCfg = Debug|Any CPU
		{2E1B3659-30DC-40DF-96A2-B6ADC67AF21F}.Debug|Any CPU.Build.0 = Debug|Any CPU
		{2E1B3659-30DC-40DF-96A2-B6ADC67AF21F}.Release|Any CPU.ActiveCfg = Release|Any CPU
		{2E1B3659-30DC-40DF-96A2-B6ADC67AF21F}.Release|Any CPU.Build.0 = Release|Any CPU
		{D2EF18EF-747C-4303-AB5C-4F372700B319}.Debug|Any CPU.ActiveCfg = Debug|Any CPU
		{D2EF18EF-747C-4303-AB5C-4F372700B319}.Debug|Any CPU.Build.0 = Debug|Any CPU
		{D2EF18EF-747C-4303-AB5C-4F372700B319}.Release|Any CPU.ActiveCfg = Release|Any CPU
		{D2EF18EF-747C-4303-AB5C-4F372700B319}.Release|Any CPU.Build.0 = Release|Any CPU
		{8E8A6753-953E-4A24-83DF-E2C6B74317A6}.Debug|Any CPU.ActiveCfg = Debug|Any CPU
		{8E8A6753-953E-4A24-83DF-E2C6B74317A6}.Debug|Any CPU.Build.0 = Debug|Any CPU
		{8E8A6753-953E-4A24-83DF-E2C6B74317A6}.Release|Any CPU.ActiveCfg = Release|Any CPU
		{8E8A6753-953E-4A24-83DF-E2C6B74317A6}.Release|Any CPU.Build.0 = Release|Any CPU
	EndGlobalSection
	GlobalSection(SolutionProperties) = preSolution
		HideSolutionNode = FALSE
	EndGlobalSection
	GlobalSection(ExtensibilityGlobals) = postSolution
		SolutionGuid = {4C48A46B-434E-41DC-A644-23CE627216B9}
	EndGlobalSection
EndGlobal
